
Microsoft Visual Studio Solution File, Format Version 12.00
Project("{FAE04EC0-301F-11D3-BF4B-00C04F79EFBC}") = "CSL.Factorial.ConsoleApp", "CSL.Factorial.ConsoleApp\CSL.Factorial.ConsoleApp.csproj", "{E2740967-D844-4174-A7AA-2521474FE499}"
EndProject
Project("{FAE04EC0-301F-11D3-BF4B-00C04F79EFBC}") = "CSL.Factorial.ConsoleApp.Tests", "CSL.Factorial.ConsoleApp.Tests\CSL.Factorial.ConsoleApp.Tests.csproj", "{2E8E64DE-3469-4B4E-ADC0-49B5A0801E98}"
EndProject
Global
	GlobalSection(SolutionConfigurationPlatforms) = preSolution
		Debug|Any CPU = Debug|Any CPU
		Release|Any CPU = Release|Any CPU
	EndGlobalSection
	GlobalSection(ProjectConfigurationPlatforms) = postSolution
		{E2740967-D844-4174-A7AA-2521474FE499}.Debug|Any CPU.ActiveCfg = Debug|Any CPU
		{E2740967-D844-4174-A7AA-2521474FE499}.Debug|Any CPU.Build.0 = Debug|Any CPU
		{E2740967-D844-4174-A7AA-2521474FE499}.Release|Any CPU.ActiveCfg = Release|Any CPU
		{E2740967-D844-4174-A7AA-2521474FE499}.Release|Any CPU.Build.0 = Release|Any CPU
		{2E8E64DE-3469-4B4E-ADC0-49B5A0801E98}.Debug|Any CPU.ActiveCfg = Debug|Any CPU
		{2E8E64DE-3469-4B4E-ADC0-49B5A0801E98}.Debug|Any CPU.Build.0 = Debug|Any CPU
		{2E8E64DE-3469-4B4E-ADC0-49B5A0801E98}.Release|Any CPU.ActiveCfg = Release|Any CPU
		{2E8E64DE-3469-4B4E-ADC0-49B5A0801E98}.Release|Any CPU.Build.0 = Release|Any CPU
	EndGlobalSection
EndGlobal
